
Microsoft Visual Studio Solution File, Format Version 12.00
# Visual Studio 15
VisualStudioVersion = 15.0.27004.2009
MinimumVisualStudioVersion = 10.0.40219.1
Project("{8BC9CEB8-8B4A-11D0-8D11-00A0C91BC942}") = "cpp", "cpp\cpp.vcxproj", "{0564CB38-1BB8-4CFE-9122-D3808B81E560}"
EndProject
Project("{8BC9CEB8-8B4A-11D0-8D11-00A0C91BC942}") = "lburg", "lburg\lburg.vcxproj", "{B1E2ABF9-1A6B-479B-BF82-050146F5E88D}"
EndProject
Project("{8BC9CEB8-8B4A-11D0-8D11-00A0C91BC942}") = "lcc", "lcc\lcc.vcxproj", "{0BE85C8D-161A-487D-9328-CBA67544B881}"
EndProject
Global
	GlobalSection(SolutionConfigurationPlatforms) = preSolution
		Debug|x64 = Debug|x64
		Debug|x86 = Debug|x86
		Release|x64 = Release|x64
		Release|x86 = Release|x86
	EndGlobalSection
	GlobalSection(ProjectConfigurationPlatforms) = postSolution
		{0564CB38-1BB8-4CFE-9122-D3808B81E560}.Debug|x64.ActiveCfg = Debug|x64
		{0564CB38-1BB8-4CFE-9122-D3808B81E560}.Debug|x64.Build.0 = Debug|x64
		{0564CB38-1BB8-4CFE-9122-D3808B81E560}.Debug|x86.ActiveCfg = Debug|Win32
		{0564CB38-1BB8-4CFE-9122-D3808B81E560}.Debug|x86.Build.0 = Debug|Win32
		{0564CB38-1BB8-4CFE-9122-D3808B81E560}.Release|x64.ActiveCfg = Release|x64
		{0564CB38-1BB8-4CFE-9122-D3808B81E560}.Release|x64.Build.0 = Release|x64
		{0564CB38-1BB8-4CFE-9122-D3808B81E560}.Release|x86.ActiveCfg = Release|Win32
		{0564CB38-1BB8-4CFE-9122-D3808B81E560}.Release|x86.Build.0 = Release|Win32
		{B1E2ABF9-1A6B-479B-BF82-050146F5E88D}.Debug|x64.ActiveCfg = Debug|x64
		{B1E2ABF9-1A6B-479B-BF82-050146F5E88D}.Debug|x64.Build.0 = Debug|x64
		{B1E2ABF9-1A6B-479B-BF82-050146F5E88D}.Debug|x86.ActiveCfg = Debug|Win32
		{B1E2ABF9-1A6B-479B-BF82-050146F5E88D}.Debug|x86.Build.0 = Debug|Win32
		{B1E2ABF9-1A6B-479B-BF82-050146F5E88D}.Release|x64.ActiveCfg = Release|x64
		{B1E2ABF9-1A6B-479B-BF82-050146F5E88D}.Release|x64.Build.0 = Release|x64
		{B1E2ABF9-1A6B-479B-BF82-050146F5E88D}.Release|x86.ActiveCfg = Release|Win32
		{B1E2ABF9-1A6B-479B-BF82-050146F5E88D}.Release|x86.Build.0 = Release|Win32
		{0BE85C8D-161A-487D-9328-CBA67544B881}.Debug|x64.ActiveCfg = Debug|x64
		{0BE85C8D-161A-487D-9328-CBA67544B881}.Debug|x64.Build.0 = Debug|x64
		{0BE85C8D-161A-487D-9328-CBA67544B881}.Debug|x86.ActiveCfg = Debug|Win32
		{0BE85C8D-161A-487D-9328-CBA67544B881}.Debug|x86.Build.0 = Debug|Win32
		{0BE85C8D-161A-487D-9328-CBA67544B881}.Release|x64.ActiveCfg = Release|x64
		{0BE85C8D-161A-487D-9328-CBA67544B881}.Release|x64.Build.0 = Release|x64
		{0BE85C8D-161A-487D-9328-CBA67544B881}.Release|x86.ActiveCfg = Release|Win32
		{0BE85C8D-161A-487D-9328-CBA67544B881}.Release|x86.Build.0 = Release|Win32
	EndGlobalSection
	GlobalSection(SolutionProperties) = preSolution
		HideSolutionNode = FALSE
	EndGlobalSection
	GlobalSection(ExtensibilityGlobals) = postSolution
		SolutionGuid = {57425782-5BF8-46B5-A70A-0982C68A942F}
	EndGlobalSection
EndGlobal
